
Microsoft Visual Studio Solution File, Format Version 12.00
# Visual Studio Version 17
VisualStudioVersion = 17.14.36414.22 d17.14
MinimumVisualStudioVersion = 10.0.40219.1
Project("{FAE04EC0-301F-11D3-BF4B-00C04F79EFBC}") = "MCPAgent", "MCPAgent\MCPAgent.csproj", "{8AFFF372-06C8-4197-B481-B69A61710988}"
EndProject
Global
	GlobalSection(SolutionConfigurationPlatforms) = preSolution
		Debug|Any CPU = Debug|Any CPU
		Release|Any CPU = Release|Any CPU
	EndGlobalSection
	GlobalSection(ProjectConfigurationPlatforms) = postSolution
		{8AFFF372-06C8-4197-B481-B69A61710988}.Debug|Any CPU.ActiveCfg = Debug|Any CPU
		{8AFFF372-06C8-4197-B481-B69A61710988}.Debug|Any CPU.Build.0 = Debug|Any CPU
		{8AFFF372-06C8-4197-B481-B69A61710988}.Release|Any CPU.ActiveCfg = Release|Any CPU
		{8AFFF372-06C8-4197-B481-B69A61710988}.Release|Any CPU.Build.0 = Release|Any CPU
	EndGlobalSection
	GlobalSection(SolutionProperties) = preSolution
		HideSolutionNode = FALSE
	EndGlobalSection
	GlobalSection(ExtensibilityGlobals) = postSolution
		SolutionGuid = {6E3AF01F-973E-49E2-A33C-72D6908F013A}
	EndGlobalSection
EndGlobal
